PODS:
  - SDWebImage (5.8.0):
    - SDWebImage/Core (= 5.8.0)
  - SDWebImage/Core (5.8.0)
  - SDWebImageSwiftUI (1.4.0):
    - SDWebImage (~> 5.7)

DEPENDENCIES:
  - SDWebImageSwiftUI

SPEC REPOS:
  trunk:
    - SDWebImage
    - SDWebImageSwiftUI

SPEC CHECKSUMS:
  SDWebImage: 84000f962cbfa70c07f19d2234cbfcf5d779b5dc
  SDWebImageSwiftUI: 034806fc7e19e0a36157fb8ecb9fc0437cc75230

PODFILE CHECKSUM: a4bbb71de60ecb55b83ce90dd8ebcf45b5d91a44

COCOAPODS: 1.9.2
